// !$*UTF8*$!
{
	archiveVersion = 1;
	classes = {
	};
	objectVersion = 46;
	objects = {

/* Begin PBXBuildFile section */
		6003F5B0195388D20070C39A /* XCTest.framework in Frameworks */ = {isa = PBXBuildFile; fileRef = 6003F5AF195388D20070C39A /* XCTest.framework */; };
		6003F5B1195388D20070C39A /* Foundation.framework in Frameworks */ = {isa = PBXBuildFile; fileRef = 6003F58D195388D20070C39A /* Foundation.framework */; };
		6003F5B2195388D20070C39A /* UIKit.framework in Frameworks */ = {isa = PBXBuildFile; fileRef = 6003F591195388D20070C39A /* UIKit.framework */; };
		6003F5BA195388D20070C39A /* InfoPlist.strings in Resources */ = {isa = PBXBuildFile; fileRef = 6003F5B8195388D20070C39A /* InfoPlist.strings */; };
		6003F5BC195388D20070C39A /* Tests.m in Sources */ = {isa = PBXBuildFile; fileRef = 6003F5BB195388D20070C39A /* Tests.m */; };
		7F2002BF271DBDC90FE11B1F /* Pods_MixedStyle_Tests.framework in Frameworks */ = {isa = PBXBuildFile; fileRef = 4285ACCD15A92003B993A4D5 /* Pods_MixedStyle_Tests.framework */; };
		9C17DFB481ADA46AE7BCB2C2 /* Pods_ExampleForLocalPod.framework in Frameworks */ = {isa = PBXBuildFile; fileRef = F238C772001F00CB08B5FC49 /* Pods_ExampleForLocalPod.framework */; };
		CC5CEC8F241DFA1100A17FF6 /* AppDelegate.swift in Sources */ = {isa = PBXBuildFile; fileRef = CC5CEC8E241DFA1100A17FF6 /* AppDelegate.swift */; };
		CC5CEC91241DFA1100A17FF6 /* SceneDelegate.swift in Sources */ = {isa = PBXBuildFile; fileRef = CC5CEC90241DFA1100A17FF6 /* SceneDelegate.swift */; };
		CC5CEC93241DFA1100A17FF6 /* ViewController.swift in Sources */ = {isa = PBXBuildFile; fileRef = CC5CEC92241DFA1100A17FF6 /* ViewController.swift */; };
		CC5CEC96241DFA1100A17FF6 /* Main.storyboard in Resources */ = {isa = PBXBuildFile; fileRef = CC5CEC94241DFA1100A17FF6 /* Main.storyboard */; };
		CC5CEC98241DFA1400A17FF6 /* Assets.xcassets in Resources */ = {isa = PBXBuildFile; fileRef = CC5CEC97241DFA1400A17FF6 /* Assets.xcassets */; };
		CC5CEC9B241DFA1400A17FF6 /* LaunchScreen.storyboard in Resources */ = {isa = PBXBuildFile; fileRef = CC5CEC99241DFA1400A17FF6 /* LaunchScreen.storyboard */; };
		CC5CECA6241DFA1400A17FF6 /* ExampleForLocalPodUITests.swift in Sources */ = {isa = PBXBuildFile; fileRef = CC5CECA5241DFA1400A17FF6 /* ExampleForLocalPodUITests.swift */; };
		CC5CECB2241DFE3E00A17FF6 /* EmptyObjC.m in Sources */ = {isa = PBXBuildFile; fileRef = CC5CECB1241DFE3E00A17FF6 /* EmptyObjC.m */; };
		CC5CECBF241E014B00A17FF6 /* AppDelegate.m in Sources */ = {isa = PBXBuildFile; fileRef = CC5CECBE241E014B00A17FF6 /* AppDelegate.m */; };
		CC5CECC5241E014B00A17FF6 /* ViewController.m in Sources */ = {isa = PBXBuildFile; fileRef = CC5CECC4241E014B00A17FF6 /* ViewController.m */; };
		CC5CECC8241E014B00A17FF6 /* Main.storyboard in Resources */ = {isa = PBXBuildFile; fileRef = CC5CECC6241E014B00A17FF6 /* Main.storyboard */; };
		CC5CECCA241E014C00A17FF6 /* Assets.xcassets in Resources */ = {isa = PBXBuildFile; fileRef = CC5CECC9241E014C00A17FF6 /* Assets.xcassets */; };
		CC5CECCD241E014C00A17FF6 /* LaunchScreen.storyboard in Resources */ = {isa = PBXBuildFile; fileRef = CC5CECCB241E014C00A17FF6 /* LaunchScreen.storyboard */; };
		CC5CECD0241E014C00A17FF6 /* main.m in Sources */ = {isa = PBXBuildFile; fileRef = CC5CECCF241E014C00A17FF6 /* main.m */; };
		CC5CECDA241E014C00A17FF6 /* ExampleForFramworkUITests.m in Sources */ = {isa = PBXBuildFile; fileRef = CC5CECD9241E014C00A17FF6 /* ExampleForFramworkUITests.m */; };
		CC5CED14241E089E00A17FF6 /* MixedStyle.framework in Frameworks */ = {isa = PBXBuildFile; fileRef = CC5CED13241E089E00A17FF6 /* MixedStyle.framework */; };
/* End PBXBuildFile section */

/* Begin PBXContainerItemProxy section */
		CC5CECA2241DFA1400A17FF6 /* PBXContainerItemProxy */ = {
			isa = PBXContainerItemProxy;
			containerPortal = 6003F582195388D10070C39A /* Project object */;
			proxyType = 1;
			remoteGlobalIDString = CC5CEC8B241DFA1100A17FF6;
			remoteInfo = ExampleForLocalPod;
		};
		CC5CECD6241E014C00A17FF6 /* PBXContainerItemProxy */ = {
			isa = PBXContainerItemProxy;
			containerPortal = 6003F582195388D10070C39A /* Project object */;
			proxyType = 1;
			remoteGlobalIDString = CC5CECBA241E014B00A17FF6;
			remoteInfo = ExampleForFramwork;
		};
		CC5CECE2241E023500A17FF6 /* PBXContainerItemProxy */ = {
			isa = PBXContainerItemProxy;
			containerPortal = 6003F582195388D10070C39A /* Project object */;
			proxyType = 1;
			remoteGlobalIDString = CC5CEC8B241DFA1100A17FF6;
			remoteInfo = ExampleForLocalPod;
		};
/* End PBXContainerItemProxy section */

/* Begin PBXFileReference section */
		1815DD50F0AFA685956C3509 /* Pods-MixedStyle_Tests.debug.xcconfig */ = {isa = PBXFileReference; includeInIndex = 1; lastKnownFileType = text.xcconfig; name = "Pods-MixedStyle_Tests.debug.xcconfig"; path = "Target Support Files/Pods-MixedStyle_Tests/Pods-MixedStyle_Tests.debug.xcconfig"; sourceTree = "<group>"; };
		4285ACCD15A92003B993A4D5 /* Pods_MixedStyle_Tests.framework */ = {isa = PBXFileReference; explicitFileType = wrapper.framework; includeInIndex = 0; path = Pods_MixedStyle_Tests.framework; sourceTree = BUILT_PRODUCTS_DIR; };
		5957125A518DE5DE774ED7F1 /* Pods-ExampleForLocalPod.release.xcconfig */ = {isa = PBXFileReference; includeInIndex = 1; lastKnownFileType = text.xcconfig; name = "Pods-ExampleForLocalPod.release.xcconfig"; path = "Target Support Files/Pods-ExampleForLocalPod/Pods-ExampleForLocalPod.release.xcconfig"; sourceTree = "<group>"; };
		5F20C29A030C70A3D8E72814 /* Pods-MixedStyle_Tests.release.xcconfig */ = {isa = PBXFileReference; includeInIndex = 1; lastKnownFileType = text.xcconfig; name = "Pods-MixedStyle_Tests.release.xcconfig"; path = "Target Support Files/Pods-MixedStyle_Tests/Pods-MixedStyle_Tests.release.xcconfig"; sourceTree = "<group>"; };
		6003F58D195388D20070C39A /* Foundation.framework */ = {isa = PBXFileReference; lastKnownFileType = wrapper.framework; name = Foundation.framework; path = System/Library/Frameworks/Foundation.framework; sourceTree = SDKROOT; };
		6003F58F195388D20070C39A /* CoreGraphics.framework */ = {isa = PBXFileReference; lastKnownFileType = wrapper.framework; name = CoreGraphics.framework; path = System/Library/Frameworks/CoreGraphics.framework; sourceTree = SDKROOT; };
		6003F591195388D20070C39A /* UIKit.framework */ = {isa = PBXFileReference; lastKnownFileType = wrapper.framework; name = UIKit.framework; path = System/Library/Frameworks/UIKit.framework; sourceTree = SDKROOT; };
		6003F5AE195388D20070C39A /* MixedStyle_Tests.xctest */ = {isa = PBXFileReference; explicitFileType = wrapper.cfbundle; includeInIndex = 0; path = MixedStyle_Tests.xctest; sourceTree = BUILT_PRODUCTS_DIR; };
		6003F5AF195388D20070C39A /* XCTest.framework */ = {isa = PBXFileReference; lastKnownFileType = wrapper.framework; name = XCTest.framework; path = Library/Frameworks/XCTest.framework; sourceTree = DEVELOPER_DIR; };
		6003F5B7195388D20070C39A /* Tests-Info.plist */ = {isa = PBXFileReference; lastKnownFileType = text.plist.xml; path = "Tests-Info.plist"; sourceTree = "<group>"; };
		6003F5B9195388D20070C39A /* en */ = {isa = PBXFileReference; lastKnownFileType = text.plist.strings; name = en; path = en.lproj/InfoPlist.strings; sourceTree = "<group>"; };
		6003F5BB195388D20070C39A /* Tests.m */ = {isa = PBXFileReference; lastKnownFileType = sourcecode.c.objc; path = Tests.m; sourceTree = "<group>"; };
		606FC2411953D9B200FFA9A0 /* Tests-Prefix.pch */ = {isa = PBXFileReference; lastKnownFileType = sourcecode.c.h; path = "Tests-Prefix.pch"; sourceTree = "<group>"; };
		6697EC17AA431F9C3F931EB0 /* Pods-ExampleForLocalPod.debug.xcconfig */ = {isa = PBXFileReference; includeInIndex = 1; lastKnownFileType = text.xcconfig; name = "Pods-ExampleForLocalPod.debug.xcconfig"; path = "Target Support Files/Pods-ExampleForLocalPod/Pods-ExampleForLocalPod.debug.xcconfig"; sourceTree = "<group>"; };
		76C71247EC79EB1FC3B493CB /* LICENSE */ = {isa = PBXFileReference; includeInIndex = 1; lastKnownFileType = text; name = LICENSE; path = ../LICENSE; sourceTree = "<group>"; };
		9F3BC8C2D56832318A0BFB40 /* README.md */ = {isa = PBXFileReference; includeInIndex = 1; lastKnownFileType = net.daringfireball.markdown; name = README.md; path = ../README.md; sourceTree = "<group>"; };
		CC5CEC8C241DFA1100A17FF6 /* ExampleForLocalPod.app */ = {isa = PBXFileReference; explicitFileType = wrapper.application; includeInIndex = 0; path = ExampleForLocalPod.app; sourceTree = BUILT_PRODUCTS_DIR; };
		CC5CEC8E241DFA1100A17FF6 /* AppDelegate.swift */ = {isa = PBXFileReference; lastKnownFileType = sourcecode.swift; path = AppDelegate.swift; sourceTree = "<group>"; };
		CC5CEC90241DFA1100A17FF6 /* SceneDelegate.swift */ = {isa = PBXFileReference; lastKnownFileType = sourcecode.swift; path = SceneDelegate.swift; sourceTree = "<group>"; };
		CC5CEC92241DFA1100A17FF6 /* ViewController.swift */ = {isa = PBXFileReference; lastKnownFileType = sourcecode.swift; path = ViewController.swift; sourceTree = "<group>"; };
		CC5CEC95241DFA1100A17FF6 /* Base */ = {isa = PBXFileReference; lastKnownFileType = file.storyboard; name = Base; path = Base.lproj/Main.storyboard; sourceTree = "<group>"; };
		CC5CEC97241DFA1400A17FF6 /* Assets.xcassets */ = {isa = PBXFileReference; lastKnownFileType = folder.assetcatalog; path = Assets.xcassets; sourceTree = "<group>"; };
		CC5CEC9A241DFA1400A17FF6 /* Base */ = {isa = PBXFileReference; lastKnownFileType = file.storyboard; name = Base; path = Base.lproj/LaunchScreen.storyboard; sourceTree = "<group>"; };
		CC5CEC9C241DFA1400A17FF6 /* Info.plist */ = {isa = PBXFileReference; lastKnownFileType = text.plist.xml; path = Info.plist; sourceTree = "<group>"; };
		CC5CECA1241DFA1400A17FF6 /* ExampleForLocalPodUITests.xctest */ = {isa = PBXFileReference; explicitFileType = wrapper.cfbundle; includeInIndex = 0; path = ExampleForLocalPodUITests.xctest; sourceTree = BUILT_PRODUCTS_DIR; };
		CC5CECA5241DFA1400A17FF6 /* ExampleForLocalPodUITests.swift */ = {isa = PBXFileReference; lastKnownFileType = sourcecode.swift; path = ExampleForLocalPodUITests.swift; sourceTree = "<group>"; };
		CC5CECA7241DFA1400A17FF6 /* Info.plist */ = {isa = PBXFileReference; lastKnownFileType = text.plist.xml; path = Info.plist; sourceTree = "<group>"; };
		CC5CECB0241DFE3E00A17FF6 /* ExampleForLocalPod-Bridging-Header.h */ = {isa = PBXFileReference; lastKnownFileType = sourcecode.c.h; path = "ExampleForLocalPod-Bridging-Header.h"; sourceTree = "<group>"; };
		CC5CECB1241DFE3E00A17FF6 /* EmptyObjC.m */ = {isa = PBXFileReference; lastKnownFileType = sourcecode.c.objc; path = EmptyObjC.m; sourceTree = "<group>"; };
		CC5CECBB241E014B00A17FF6 /* ExampleForFramework.app */ = {isa = PBXFileReference; explicitFileType = wrapper.application; includeInIndex = 0; path = ExampleForFramework.app; sourceTree = BUILT_PRODUCTS_DIR; };
		CC5CECBD241E014B00A17FF6 /* AppDelegate.h */ = {isa = PBXFileReference; lastKnownFileType = sourcecode.c.h; path = AppDelegate.h; sourceTree = "<group>"; };
		CC5CECBE241E014B00A17FF6 /* AppDelegate.m */ = {isa = PBXFileReference; lastKnownFileType = sourcecode.c.objc; path = AppDelegate.m; sourceTree = "<group>"; };
		CC5CECC3241E014B00A17FF6 /* ViewController.h */ = {isa = PBXFileReference; lastKnownFileType = sourcecode.c.h; path = ViewController.h; sourceTree = "<group>"; };
		CC5CECC4241E014B00A17FF6 /* ViewController.m */ = {isa = PBXFileReference; lastKnownFileType = sourcecode.c.objc; path = ViewController.m; sourceTree = "<group>"; };
		CC5CECC7241E014B00A17FF6 /* Base */ = {isa = PBXFileReference; lastKnownFileType = file.storyboard; name = Base; path = Base.lproj/Main.storyboard; sourceTree = "<group>"; };
		CC5CECC9241E014C00A17FF6 /* Assets.xcassets */ = {isa = PBXFileReference; lastKnownFileType = folder.assetcatalog; path = Assets.xcassets; sourceTree = "<group>"; };
		CC5CECCC241E014C00A17FF6 /* Base */ = {isa = PBXFileReference; lastKnownFileType = file.storyboard; name = Base; path = Base.lproj/LaunchScreen.storyboard; sourceTree = "<group>"; };
		CC5CECCE241E014C00A17FF6 /* Info.plist */ = {isa = PBXFileReference; lastKnownFileType = text.plist.xml; path = Info.plist; sourceTree = "<group>"; };
		CC5CECCF241E014C00A17FF6 /* main.m */ = {isa = PBXFileReference; lastKnownFileType = sourcecode.c.objc; path = main.m; sourceTree = "<group>"; };
		CC5CECD5241E014C00A17FF6 /* ExampleForFrameworkUITests.xctest */ = {isa = PBXFileReference; explicitFileType = wrapper.cfbundle; includeInIndex = 0; path = ExampleForFrameworkUITests.xctest; sourceTree = BUILT_PRODUCTS_DIR; };
		CC5CECD9241E014C00A17FF6 /* ExampleForFramworkUITests.m */ = {isa = PBXFileReference; lastKnownFileType = sourcecode.c.objc; path = ExampleForFramworkUITests.m; sourceTree = "<group>"; };
		CC5CECDB241E014C00A17FF6 /* Info.plist */ = {isa = PBXFileReference; lastKnownFileType = text.plist.xml; path = Info.plist; sourceTree = "<group>"; };
		CC5CED13241E089E00A17FF6 /* MixedStyle.framework */ = {isa = PBXFileReference; lastKnownFileType = wrapper.framework; path = MixedStyle.framework; sourceTree = SOURCE_ROOT; };
		DD68BC7CECF927FFF81B044D /* MixedStyle.podspec */ = {isa = PBXFileReference; includeInIndex = 1; lastKnownFileType = text; name = MixedStyle.podspec; path = ../MixedStyle.podspec; sourceTree = "<group>"; xcLanguageSpecificationIdentifier = xcode.lang.ruby; };
		F238C772001F00CB08B5FC49 /* Pods_ExampleForLocalPod.framework */ = {isa = PBXFileReference; explicitFileType = wrapper.framework; includeInIndex = 0; path = Pods_ExampleForLocalPod.framework; sourceTree = BUILT_PRODUCTS_DIR; };
/* End PBXFileReference section */

/* Begin PBXFrameworksBuildPhase section */
		6003F5AB195388D20070C39A /* Frameworks */ = {
			isa = PBXFrameworksBuildPhase;
			buildActionMask = 2147483647;
			files = (
				6003F5B0195388D20070C39A /* XCTest.framework in Frameworks */,
				6003F5B2195388D20070C39A /* UIKit.framework in Frameworks */,
				6003F5B1195388D20070C39A /* Foundation.framework in Frameworks */,
				7F2002BF271DBDC90FE11B1F /* Pods_MixedStyle_Tests.framework in Frameworks */,
			);
			runOnlyForDeploymentPostprocessing = 0;
		};
		CC5CEC89241DFA1100A17FF6 /* Frameworks */ = {
			isa = PBXFrameworksBuildPhase;
			buildActionMask = 2147483647;
			files = (
				9C17DFB481ADA46AE7BCB2C2 /* Pods_ExampleForLocalPod.framework in Frameworks */,
			);
			runOnlyForDeploymentPostprocessing = 0;
		};
		CC5CEC9E241DFA1400A17FF6 /* Frameworks */ = {
			isa = PBXFrameworksBuildPhase;
			buildActionMask = 2147483647;
			files = (
			);
			runOnlyForDeploymentPostprocessing = 0;
		};
		CC5CECB8241E014B00A17FF6 /* Frameworks */ = {
			isa = PBXFrameworksBuildPhase;
			buildActionMask = 2147483647;
			files = (
				CC5CED14241E089E00A17FF6 /* MixedStyle.framework in Frameworks */,
			);
			runOnlyForDeploymentPostprocessing = 0;
		};
		CC5CECD2241E014C00A17FF6 /* Frameworks */ = {
			isa = PBXFrameworksBuildPhase;
			buildActionMask = 2147483647;
			files = (
			);
			runOnlyForDeploymentPostprocessing = 0;
		};
/* End PBXFrameworksBuildPhase section */

/* Begin PBXGroup section */
		10BE34FB6DBEA2933DC7D2E4 /* Pods */ = {
			isa = PBXGroup;
			children = (
				1815DD50F0AFA685956C3509 /* Pods-MixedStyle_Tests.debug.xcconfig */,
				5F20C29A030C70A3D8E72814 /* Pods-MixedStyle_Tests.release.xcconfig */,
				6697EC17AA431F9C3F931EB0 /* Pods-ExampleForLocalPod.debug.xcconfig */,
				5957125A518DE5DE774ED7F1 /* Pods-ExampleForLocalPod.release.xcconfig */,
			);
			path = Pods;
			sourceTree = "<group>";
		};
		6003F581195388D10070C39A = {
			isa = PBXGroup;
			children = (
				60FF7A9C1954A5C5007DD14C /* Podspec Metadata */,
				6003F5B5195388D20070C39A /* Tests */,
				CC5CEC8D241DFA1100A17FF6 /* ExampleForLocalPod */,
				CC5CECA4241DFA1400A17FF6 /* ExampleForLocalPodUITests */,
				CC5CECBC241E014B00A17FF6 /* ExampleForFramework */,
				CC5CECD8241E014C00A17FF6 /* ExampleForFramworkUITests */,
				6003F58C195388D20070C39A /* Frameworks */,
				6003F58B195388D20070C39A /* Products */,
				10BE34FB6DBEA2933DC7D2E4 /* Pods */,
			);
			sourceTree = "<group>";
		};
		6003F58B195388D20070C39A /* Products */ = {
			isa = PBXGroup;
			children = (
				6003F5AE195388D20070C39A /* MixedStyle_Tests.xctest */,
				CC5CEC8C241DFA1100A17FF6 /* ExampleForLocalPod.app */,
				CC5CECA1241DFA1400A17FF6 /* ExampleForLocalPodUITests.xctest */,
				CC5CECBB241E014B00A17FF6 /* ExampleForFramework.app */,
				CC5CECD5241E014C00A17FF6 /* ExampleForFrameworkUITests.xctest */,
			);
			name = Products;
			sourceTree = "<group>";
		};
		6003F58C195388D20070C39A /* Frameworks */ = {
			isa = PBXGroup;
			children = (
				6003F58D195388D20070C39A /* Foundation.framework */,
				6003F58F195388D20070C39A /* CoreGraphics.framework */,
				6003F591195388D20070C39A /* UIKit.framework */,
				6003F5AF195388D20070C39A /* XCTest.framework */,
				4285ACCD15A92003B993A4D5 /* Pods_MixedStyle_Tests.framework */,
				F238C772001F00CB08B5FC49 /* Pods_ExampleForLocalPod.framework */,
			);
			name = Frameworks;
			sourceTree = "<group>";
		};
		6003F5B5195388D20070C39A /* Tests */ = {
			isa = PBXGroup;
			children = (
				6003F5BB195388D20070C39A /* Tests.m */,
				6003F5B6195388D20070C39A /* Supporting Files */,
			);
			path = Tests;
			sourceTree = "<group>";
		};
		6003F5B6195388D20070C39A /* Supporting Files */ = {
			isa = PBXGroup;
			children = (
				6003F5B7195388D20070C39A /* Tests-Info.plist */,
				6003F5B8195388D20070C39A /* InfoPlist.strings */,
				606FC2411953D9B200FFA9A0 /* Tests-Prefix.pch */,
			);
			name = "Supporting Files";
			sourceTree = "<group>";
		};
		60FF7A9C1954A5C5007DD14C /* Podspec Metadata */ = {
			isa = PBXGroup;
			children = (
				DD68BC7CECF927FFF81B044D /* MixedStyle.podspec */,
				9F3BC8C2D56832318A0BFB40 /* README.md */,
				76C71247EC79EB1FC3B493CB /* LICENSE */,
			);
			name = "Podspec Metadata";
			sourceTree = "<group>";
		};
		CC5CEC8D241DFA1100A17FF6 /* ExampleForLocalPod */ = {
			isa = PBXGroup;
			children = (
				CC5CEC8E241DFA1100A17FF6 /* AppDelegate.swift */,
				CC5CEC90241DFA1100A17FF6 /* SceneDelegate.swift */,
				CC5CEC92241DFA1100A17FF6 /* ViewController.swift */,
				CC5CEC94241DFA1100A17FF6 /* Main.storyboard */,
				CC5CEC97241DFA1400A17FF6 /* Assets.xcassets */,
				CC5CEC99241DFA1400A17FF6 /* LaunchScreen.storyboard */,
				CC5CEC9C241DFA1400A17FF6 /* Info.plist */,
				CC5CECB1241DFE3E00A17FF6 /* EmptyObjC.m */,
				CC5CECB0241DFE3E00A17FF6 /* ExampleForLocalPod-Bridging-Header.h */,
			);
			path = ExampleForLocalPod;
			sourceTree = "<group>";
		};
		CC5CECA4241DFA1400A17FF6 /* ExampleForLocalPodUITests */ = {
			isa = PBXGroup;
			children = (
				CC5CECA5241DFA1400A17FF6 /* ExampleForLocalPodUITests.swift */,
				CC5CECA7241DFA1400A17FF6 /* Info.plist */,
			);
			path = ExampleForLocalPodUITests;
			sourceTree = "<group>";
		};
		CC5CECBC241E014B00A17FF6 /* ExampleForFramework */ = {
			isa = PBXGroup;
			children = (
				CC5CED13241E089E00A17FF6 /* MixedStyle.framework */,
				CC5CECBD241E014B00A17FF6 /* AppDelegate.h */,
				CC5CECBE241E014B00A17FF6 /* AppDelegate.m */,
				CC5CECC3241E014B00A17FF6 /* ViewController.h */,
				CC5CECC4241E014B00A17FF6 /* ViewController.m */,
				CC5CECC6241E014B00A17FF6 /* Main.storyboard */,
				CC5CECC9241E014C00A17FF6 /* Assets.xcassets */,
				CC5CECCB241E014C00A17FF6 /* LaunchScreen.storyboard */,
				CC5CECCE241E014C00A17FF6 /* Info.plist */,
				CC5CECCF241E014C00A17FF6 /* main.m */,
			);
			path = ExampleForFramework;
			sourceTree = "<group>";
		};
		CC5CECD8241E014C00A17FF6 /* ExampleForFramworkUITests */ = {
			isa = PBXGroup;
			children = (
				CC5CECD9241E014C00A17FF6 /* ExampleForFramworkUITests.m */,
				CC5CECDB241E014C00A17FF6 /* Info.plist */,
			);
			path = ExampleForFramworkUITests;
			sourceTree = "<group>";
		};
/* End PBXGroup section */

/* Begin PBXNativeTarget section */
		6003F5AD195388D20070C39A /* MixedStyle_Tests */ = {
			isa = PBXNativeTarget;
			buildConfigurationList = 6003F5C2195388D20070C39A /* Build configuration list for PBXNativeTarget "MixedStyle_Tests" */;
			buildPhases = (
				04A5BF166B4EA4623D4C07BF /* [CP] Check Pods Manifest.lock */,
				6003F5AA195388D20070C39A /* Sources */,
				6003F5AB195388D20070C39A /* Frameworks */,
				6003F5AC195388D20070C39A /* Resources */,
				B35F31F7F1ECCABC59FCD9DD /* [CP] Embed Pods Frameworks */,
			);
			buildRules = (
			);
			dependencies = (
				CC5CECE3241E023500A17FF6 /* PBXTargetDependency */,
			);
			name = MixedStyle_Tests;
			productName = MixedStyleTests;
			productReference = 6003F5AE195388D20070C39A /* MixedStyle_Tests.xctest */;
			productType = "com.apple.product-type.bundle.unit-test";
		};
		CC5CEC8B241DFA1100A17FF6 /* ExampleForLocalPod */ = {
			isa = PBXNativeTarget;
			buildConfigurationList = CC5CECA8241DFA1400A17FF6 /* Build configuration list for PBXNativeTarget "ExampleForLocalPod" */;
			buildPhases = (
				B548B410AB63C6BE31EC9AA8 /* [CP] Check Pods Manifest.lock */,
				CC5CEC88241DFA1100A17FF6 /* Sources */,
				CC5CEC89241DFA1100A17FF6 /* Frameworks */,
				CC5CEC8A241DFA1100A17FF6 /* Resources */,
				B945B81EC03EE745BE7210FD /* [CP] Embed Pods Frameworks */,
			);
			buildRules = (
			);
			dependencies = (
			);
			name = ExampleForLocalPod;
			productName = ExampleForLocalPod;
			productReference = CC5CEC8C241DFA1100A17FF6 /* ExampleForLocalPod.app */;
			productType = "com.apple.product-type.application";
		};
		CC5CECA0241DFA1400A17FF6 /* ExampleForLocalPodUITests */ = {
			isa = PBXNativeTarget;
			buildConfigurationList = CC5CECAB241DFA1400A17FF6 /* Build configuration list for PBXNativeTarget "ExampleForLocalPodUITests" */;
			buildPhases = (
				CC5CEC9D241DFA1400A17FF6 /* Sources */,
				CC5CEC9E241DFA1400A17FF6 /* Frameworks */,
				CC5CEC9F241DFA1400A17FF6 /* Resources */,
			);
			buildRules = (
			);
			dependencies = (
				CC5CECA3241DFA1400A17FF6 /* PBXTargetDependency */,
			);
			name = ExampleForLocalPodUITests;
			productName = ExampleForLocalPodUITests;
			productReference = CC5CECA1241DFA1400A17FF6 /* ExampleForLocalPodUITests.xctest */;
			productType = "com.apple.product-type.bundle.ui-testing";
		};
		CC5CECBA241E014B00A17FF6 /* ExampleForFramework */ = {
			isa = PBXNativeTarget;
			buildConfigurationList = CC5CECDC241E014C00A17FF6 /* Build configuration list for PBXNativeTarget "ExampleForFramework" */;
			buildPhases = (
				CC5CECB7241E014B00A17FF6 /* Sources */,
				CC5CECB8241E014B00A17FF6 /* Frameworks */,
				CC5CECB9241E014B00A17FF6 /* Resources */,
			);
			buildRules = (
			);
			dependencies = (
			);
			name = ExampleForFramework;
			productName = ExampleForFramwork;
			productReference = CC5CECBB241E014B00A17FF6 /* ExampleForFramework.app */;
			productType = "com.apple.product-type.application";
		};
		CC5CECD4241E014C00A17FF6 /* ExampleForFrameworkUITests */ = {
			isa = PBXNativeTarget;
			buildConfigurationList = CC5CECDF241E014C00A17FF6 /* Build configuration list for PBXNativeTarget "ExampleForFrameworkUITests" */;
			buildPhases = (
				CC5CECD1241E014C00A17FF6 /* Sources */,
				CC5CECD2241E014C00A17FF6 /* Frameworks */,
				CC5CECD3241E014C00A17FF6 /* Resources */,
			);
			buildRules = (
			);
			dependencies = (
				CC5CECD7241E014C00A17FF6 /* PBXTargetDependency */,
			);
			name = ExampleForFrameworkUITests;
			productName = ExampleForFramworkUITests;
			productReference = CC5CECD5241E014C00A17FF6 /* ExampleForFrameworkUITests.xctest */;
			productType = "com.apple.product-type.bundle.ui-testing";
		};
/* End PBXNativeTarget section */

/* Begin PBXProject section */
		6003F582195388D10070C39A /* Project object */ = {
			isa = PBXProject;
			attributes = {
				CLASSPREFIX = MSC;
				LastSwiftUpdateCheck = 1130;
				LastUpgradeCheck = 0720;
				ORGANIZATIONNAME = "fan-bot-a8kun";
				TargetAttributes = {
					6003F5AD195388D20070C39A = {
						TestTargetID = CC5CEC8B241DFA1100A17FF6;
					};
					CC5CEC8B241DFA1100A17FF6 = {
						CreatedOnToolsVersion = 11.3.1;
						DevelopmentTeam = F35G39V2UB;
						LastSwiftMigration = 1130;
						ProvisioningStyle = Automatic;
					};
					CC5CECA0241DFA1400A17FF6 = {
						CreatedOnToolsVersion = 11.3.1;
						DevelopmentTeam = F35G39V2UB;
						ProvisioningStyle = Automatic;
						TestTargetID = CC5CEC8B241DFA1100A17FF6;
					};
					CC5CECBA241E014B00A17FF6 = {
						CreatedOnToolsVersion = 11.3.1;
						DevelopmentTeam = F35G39V2UB;
						ProvisioningStyle = Automatic;
					};
					CC5CECD4241E014C00A17FF6 = {
						CreatedOnToolsVersion = 11.3.1;
						DevelopmentTeam = F35G39V2UB;
						ProvisioningStyle = Automatic;
						TestTargetID = CC5CECBA241E014B00A17FF6;
					};
				};
			};
			buildConfigurationList = 6003F585195388D10070C39A /* Build configuration list for PBXProject "MixedStyle" */;
			compatibilityVersion = "Xcode 3.2";
			developmentRegion = English;
			hasScannedForEncodings = 0;
			knownRegions = (
				English,
				en,
				Base,
			);
			mainGroup = 6003F581195388D10070C39A;
			productRefGroup = 6003F58B195388D20070C39A /* Products */;
			projectDirPath = "";
			projectRoot = "";
			targets = (
				6003F5AD195388D20070C39A /* MixedStyle_Tests */,
				CC5CEC8B241DFA1100A17FF6 /* ExampleForLocalPod */,
				CC5CECA0241DFA1400A17FF6 /* ExampleForLocalPodUITests */,
				CC5CECBA241E014B00A17FF6 /* ExampleForFramework */,
				CC5CECD4241E014C00A17FF6 /* ExampleForFrameworkUITests */,
			);
		};
/* End PBXProject section */

/* Begin PBXResourcesBuildPhase section */
		6003F5AC195388D20070C39A /* Resources */ = {
			isa = PBXResourcesBuildPhase;
			buildActionMask = 2147483647;
			files = (
				6003F5BA195388D20070C39A /* InfoPlist.strings in Resources */,
			);
			runOnlyForDeploymentPostprocessing = 0;
		};
		CC5CEC8A241DFA1100A17FF6 /* Resources */ = {
			isa = PBXResourcesBuildPhase;
			buildActionMask = 2147483647;
			files = (
				CC5CEC9B241DFA1400A17FF6 /* LaunchScreen.storyboard in Resources */,
				CC5CEC98241DFA1400A17FF6 /* Assets.xcassets in Resources */,
				CC5CEC96241DFA1100A17FF6 /* Main.storyboard in Resources */,
			);
			runOnlyForDeploymentPostprocessing = 0;
		};
		CC5CEC9F241DFA1400A17FF6 /* Resources */ = {
			isa = PBXResourcesBuildPhase;
			buildActionMask = 2147483647;
			files = (
			);
			runOnlyForDeploymentPostprocessing = 0;
		};
		CC5CECB9241E014B00A17FF6 /* Resources */ = {
			isa = PBXResourcesBuildPhase;
			buildActionMask = 2147483647;
			files = (
				CC5CECCD241E014C00A17FF6 /* LaunchScreen.storyboard in Resources */,
				CC5CECCA241E014C00A17FF6 /* Assets.xcassets in Resources */,
				CC5CECC8241E014B00A17FF6 /* Main.storyboard in Resources */,
			);
			runOnlyForDeploymentPostprocessing = 0;
		};
		CC5CECD3241E014C00A17FF6 /* Resources */ = {
			isa = PBXResourcesBuildPhase;
			buildActionMask = 2147483647;
			files = (
			);
			runOnlyForDeploymentPostprocessing = 0;
		};
/* End PBXResourcesBuildPhase section */

/* Begin PBXShellScriptBuildPhase section */
		04A5BF166B4EA4623D4C07BF /* [CP] Check Pods Manifest.lock */ = {
			isa = PBXShellScriptBuildPhase;
			buildActionMask = 2147483647;
			files = (
			);
			inputFileListPaths = (
			);
			inputPaths = (
				"${PODS_PODFILE_DIR_PATH}/Podfile.lock",
				"${PODS_ROOT}/Manifest.lock",
			);
			name = "[CP] Check Pods Manifest.lock";
			outputFileListPaths = (
			);
			outputPaths = (
				"$(DERIVED_FILE_DIR)/Pods-MixedStyle_Tests-checkManifestLockResult.txt",
			);
			runOnlyForDeploymentPostprocessing = 0;
			shellPath = /bin/sh;
			shellScript = "diff \"${PODS_PODFILE_DIR_PATH}/Podfile.lock\" \"${PODS_ROOT}/Manifest.lock\" > /dev/null\nif [ $? != 0 ] ; then\n    # print error to STDERR\n    echo \"error: The sandbox is not in sync with the Podfile.lock. Run 'pod install' or update your CocoaPods installation.\" >&2\n    exit 1\nfi\n# This output is used by Xcode 'outputs' to avoid re-running this script phase.\necho \"SUCCESS\" > \"${SCRIPT_OUTPUT_FILE_0}\"\n";
			showEnvVarsInLog = 0;
		};
		B35F31F7F1ECCABC59FCD9DD /* [CP] Embed Pods Frameworks */ = {
			isa = PBXShellScriptBuildPhase;
			buildActionMask = 2147483647;
			files = (
			);
			inputPaths = (
				"${PODS_ROOT}/Target Support Files/Pods-MixedStyle_Tests/Pods-MixedStyle_Tests-frameworks.sh",
				"${BUILT_PRODUCTS_DIR}/Expecta/Expecta.framework",
				"${BUILT_PRODUCTS_DIR}/Expecta+Snapshots/Expecta_Snapshots.framework",
				"${BUILT_PRODUCTS_DIR}/FBSnapshotTestCase/FBSnapshotTestCase.framework",
				"${BUILT_PRODUCTS_DIR}/Specta/Specta.framework",
			);
			name = "[CP] Embed Pods Frameworks";
			outputPaths = (
				"${TARGET_BUILD_DIR}/${FRAMEWORKS_FOLDER_PATH}/Expecta.framework",
				"${TARGET_BUILD_DIR}/${FRAMEWORKS_FOLDER_PATH}/Expecta_Snapshots.framework",
				"${TARGET_BUILD_DIR}/${FRAMEWORKS_FOLDER_PATH}/FBSnapshotTestCase.framework",
				"${TARGET_BUILD_DIR}/${FRAMEWORKS_FOLDER_PATH}/Specta.framework",
			);
			runOnlyForDeploymentPostprocessing = 0;
			shellPath = /bin/sh;
			shellScript = "\"${PODS_ROOT}/Target Support Files/Pods-MixedStyle_Tests/Pods-MixedStyle_Tests-frameworks.sh\"\n";
			showEnvVarsInLog = 0;
		};
		B548B410AB63C6BE31EC9AA8 /* [CP] Check Pods Manifest.lock */ = {
			isa = PBXShellScriptBuildPhase;
			buildActionMask = 2147483647;
			files = (
			);
			inputFileListPaths = (
			);
			inputPaths = (
				"${PODS_PODFILE_DIR_PATH}/Podfile.lock",
				"${PODS_ROOT}/Manifest.lock",
			);
			name = "[CP] Check Pods Manifest.lock";
			outputFileListPaths = (
			);
			outputPaths = (
				"$(DERIVED_FILE_DIR)/Pods-ExampleForLocalPod-checkManifestLockResult.txt",
			);
			runOnlyForDeploymentPostprocessing = 0;
			shellPath = /bin/sh;
			shellScript = "diff \"${PODS_PODFILE_DIR_PATH}/Podfile.lock\" \"${PODS_ROOT}/Manifest.lock\" > /dev/null\nif [ $? != 0 ] ; then\n    # print error to STDERR\n    echo \"error: The sandbox is not in sync with the Podfile.lock. Run 'pod install' or update your CocoaPods installation.\" >&2\n    exit 1\nfi\n# This output is used by Xcode 'outputs' to avoid re-running this script phase.\necho \"SUCCESS\" > \"${SCRIPT_OUTPUT_FILE_0}\"\n";
			showEnvVarsInLog = 0;
		};
		B945B81EC03EE745BE7210FD /* [CP] Embed Pods Frameworks */ = {
			isa = PBXShellScriptBuildPhase;
			buildActionMask = 2147483647;
			files = (
			);
			inputPaths = (
				"${PODS_ROOT}/Target Support Files/Pods-ExampleForLocalPod/Pods-ExampleForLocalPod-frameworks.sh",
				"${BUILT_PRODUCTS_DIR}/MixedStyle/MixedStyle.framework",
			);
			name = "[CP] Embed Pods Frameworks";
			outputPaths = (
				"${TARGET_BUILD_DIR}/${FRAMEWORKS_FOLDER_PATH}/MixedStyle.framework",
			);
			runOnlyForDeploymentPostprocessing = 0;
			shellPath = /bin/sh;
			shellScript = "\"${PODS_ROOT}/Target Support Files/Pods-ExampleForLocalPod/Pods-ExampleForLocalPod-frameworks.sh\"\n";
			showEnvVarsInLog = 0;
		};
/* End PBXShellScriptBuildPhase section */

/* Begin PBXSourcesBuildPhase section */
		6003F5AA195388D20070C39A /* Sources */ = {
			isa = PBXSourcesBuildPhase;
			buildActionMask = 2147483647;
			files = (
				6003F5BC195388D20070C39A /* Tests.m in Sources */,
			);
			runOnlyForDeploymentPostprocessing = 0;
		};
		CC5CEC88241DFA1100A17FF6 /* Sources */ = {
			isa = PBXSourcesBuildPhase;
			buildActionMask = 2147483647;
			files = (
				CC5CEC93241DFA1100A17FF6 /* ViewController.swift in Sources */,
				CC5CEC8F241DFA1100A17FF6 /* AppDelegate.swift in Sources */,
				CC5CEC91241DFA1100A17FF6 /* SceneDelegate.swift in Sources */,
				CC5CECB2241DFE3E00A17FF6 /* EmptyObjC.m in Sources */,
			);
			runOnlyForDeploymentPostprocessing = 0;
		};
		CC5CEC9D241DFA1400A17FF6 /* Sources */ = {
			isa = PBXSourcesBuildPhase;
			buildActionMask = 2147483647;
			files = (
				CC5CECA6241DFA1400A17FF6 /* ExampleForLocalPodUITests.swift in Sources */,
			);
			runOnlyForDeploymentPostprocessing = 0;
		};
		CC5CECB7241E014B00A17FF6 /* Sources */ = {
			isa = PBXSourcesBuildPhase;
			buildActionMask = 2147483647;
			files = (
				CC5CECC5241E014B00A17FF6 /* ViewController.m in Sources */,
				CC5CECBF241E014B00A17FF6 /* AppDelegate.m in Sources */,
				CC5CECD0241E014C00A17FF6 /* main.m in Sources */,
			);
			runOnlyForDeploymentPostprocessing = 0;
		};
		CC5CECD1241E014C00A17FF6 /* Sources */ = {
			isa = PBXSourcesBuildPhase;
			buildActionMask = 2147483647;
			files = (
				CC5CECDA241E014C00A17FF6 /* ExampleForFramworkUITests.m in Sources */,
			);
			runOnlyForDeploymentPostprocessing = 0;
		};
/* End PBXSourcesBuildPhase section */

/* Begin PBXTargetDependency section */
		CC5CECA3241DFA1400A17FF6 /* PBXTargetDependency */ = {
			isa = PBXTargetDependency;
			target = CC5CEC8B241DFA1100A17FF6 /* ExampleForLocalPod */;
			targetProxy = CC5CECA2241DFA1400A17FF6 /* PBXContainerItemProxy */;
		};
		CC5CECD7241E014C00A17FF6 /* PBXTargetDependency */ = {
			isa = PBXTargetDependency;
			target = CC5CECBA241E014B00A17FF6 /* ExampleForFramework */;
			targetProxy = CC5CECD6241E014C00A17FF6 /* PBXContainerItemProxy */;
		};
		CC5CECE3241E023500A17FF6 /* PBXTargetDependency */ = {
			isa = PBXTargetDependency;
			target = CC5CEC8B241DFA1100A17FF6 /* ExampleForLocalPod */;
			targetProxy = CC5CECE2241E023500A17FF6 /* PBXContainerItemProxy */;
		};
/* End PBXTargetDependency section */

/* Begin PBXVariantGroup section */
		6003F5B8195388D20070C39A /* InfoPlist.strings */ = {
			isa = PBXVariantGroup;
			children = (
				6003F5B9195388D20070C39A /* en */,
			);
			name = InfoPlist.strings;
			sourceTree = "<group>";
		};
		CC5CEC94241DFA1100A17FF6 /* Main.storyboard */ = {
			isa = PBXVariantGroup;
			children = (
				CC5CEC95241DFA1100A17FF6 /* Base */,
			);
			name = Main.storyboard;
			sourceTree = "<group>";
		};
		CC5CEC99241DFA1400A17FF6 /* LaunchScreen.storyboard */ = {
			isa = PBXVariantGroup;
			children = (
				CC5CEC9A241DFA1400A17FF6 /* Base */,
			);
			name = LaunchScreen.storyboard;
			sourceTree = "<group>";
		};
		CC5CECC6241E014B00A17FF6 /* Main.storyboard */ = {
			isa = PBXVariantGroup;
			children = (
				CC5CECC7241E014B00A17FF6 /* Base */,
			);
			name = Main.storyboard;
			sourceTree = "<group>";
		};
		CC5CECCB241E014C00A17FF6 /* LaunchScreen.storyboard */ = {
			isa = PBXVariantGroup;
			children = (
				CC5CECCC241E014C00A17FF6 /* Base */,
			);
			name = LaunchScreen.storyboard;
			sourceTree = "<group>";
		};
/* End PBXVariantGroup section */

/* Begin XCBuildConfiguration section */
		6003F5BD195388D20070C39A /* Debug */ = {
			isa = XCBuildConfiguration;
			buildSettings = {
				ALWAYS_SEARCH_USER_PATHS = NO;
				CLANG_CXX_LANGUAGE_STANDARD = "gnu++0x";
				CLANG_CXX_LIBRARY = "libc++";
				CLANG_ENABLE_MODULES = YES;
				CLANG_ENABLE_OBJC_ARC = YES;
				CLANG_WARN_BOOL_CONVERSION = YES;
				CLANG_WARN_CONSTANT_CONVERSION = YES;
				CLANG_WARN_DIRECT_OBJC_ISA_USAGE = YES_ERROR;
				CLANG_WARN_EMPTY_BODY = YES;
				CLANG_WARN_ENUM_CONVERSION = YES;
				CLANG_WARN_INT_CONVERSION = YES;
				CLANG_WARN_OBJC_ROOT_CLASS = YES_ERROR;
				CLANG_WARN__DUPLICATE_METHOD_MATCH = YES;
				"CODE_SIGN_IDENTITY[sdk=iphoneos*]" = "iPhone Developer";
				COPY_PHASE_STRIP = NO;
				ENABLE_TESTABILITY = YES;
				GCC_C_LANGUAGE_STANDARD = gnu99;
				GCC_DYNAMIC_NO_PIC = NO;
				GCC_OPTIMIZATION_LEVEL = 0;
				GCC_PREPROCESSOR_DEFINITIONS = (
					"DEBUG=1",
					"$(inherited)",
				);
				GCC_SYMBOLS_PRIVATE_EXTERN = NO;
				GCC_WARN_64_TO_32_BIT_CONVERSION = YES;
				GCC_WARN_ABOUT_RETURN_TYPE = YES_ERROR;
				GCC_WARN_UNDECLARED_SELECTOR = YES;
				GCC_WARN_UNINITIALIZED_AUTOS = YES_AGGRESSIVE;
				GCC_WARN_UNUSED_FUNCTION = YES;
				GCC_WARN_UNUSED_VARIABLE = YES;
				IPHONEOS_DEPLOYMENT_TARGET = 9.3;
				ONLY_ACTIVE_ARCH = YES;
				SDKROOT = iphoneos;
				TARGETED_DEVICE_FAMILY = "1,2";
			};
			name = Debug;
		};
		6003F5BE195388D20070C39A /* Release */ = {
			isa = XCBuildConfiguration;
			buildSettings = {
				ALWAYS_SEARCH_USER_PATHS = NO;
				CLANG_CXX_LANGUAGE_STANDARD = "gnu++0x";
				CLANG_CXX_LIBRARY = "libc++";
				CLANG_ENABLE_MODULES = YES;
				CLANG_ENABLE_OBJC_ARC = YES;
				CLANG_WARN_BOOL_CONVERSION = YES;
				CLANG_WARN_CONSTANT_CONVERSION = YES;
				CLANG_WARN_DIRECT_OBJC_ISA_USAGE = YES_ERROR;
				CLANG_WARN_EMPTY_BODY = YES;
				CLANG_WARN_ENUM_CONVERSION = YES;
				CLANG_WARN_INT_CONVERSION = YES;
				CLANG_WARN_OBJC_ROOT_CLASS = YES_ERROR;
				CLANG_WARN__DUPLICATE_METHOD_MATCH = YES;
				"CODE_SIGN_IDENTITY[sdk=iphoneos*]" = "iPhone Developer";
				COPY_PHASE_STRIP = YES;
				ENABLE_NS_ASSERTIONS = NO;
				GCC_C_LANGUAGE_STANDARD = gnu99;
				GCC_WARN_64_TO_32_BIT_CONVERSION = YES;
				GCC_WARN_ABOUT_RETURN_TYPE = YES_ERROR;
				GCC_WARN_UNDECLARED_SELECTOR = YES;
				GCC_WARN_UNINITIALIZED_AUTOS = YES_AGGRESSIVE;
				GCC_WARN_UNUSED_FUNCTION = YES;
				GCC_WARN_UNUSED_VARIABLE = YES;
				IPHONEOS_DEPLOYMENT_TARGET = 9.3;
				SDKROOT = iphoneos;
				TARGETED_DEVICE_FAMILY = "1,2";
				VALIDATE_PRODUCT = YES;
			};
			name = Release;
		};
		6003F5C3195388D20070C39A /* Debug */ = {
			isa = XCBuildConfiguration;
			baseConfigurationReference = 1815DD50F0AFA685956C3509 /* Pods-MixedStyle_Tests.debug.xcconfig */;
			buildSettings = {
				ALWAYS_EMBED_SWIFT_STANDARD_LIBRARIES = YES;
				BUNDLE_LOADER = "$(TEST_HOST)";
				FRAMEWORK_SEARCH_PATHS = (
					"$(PLATFORM_DIR)/Developer/Library/Frameworks",
					"$(inherited)",
					"$(DEVELOPER_FRAMEWORKS_DIR)",
				);
				GCC_PRECOMPILE_PREFIX_HEADER = YES;
				GCC_PREFIX_HEADER = "Tests/Tests-Prefix.pch";
				GCC_PREPROCESSOR_DEFINITIONS = (
					"DEBUG=1",
					"$(inherited)",
				);
				INFOPLIST_FILE = "Tests/Tests-Info.plist";
				PRODUCT_BUNDLE_IDENTIFIER = "org.cocoapods.demo.${PRODUCT_NAME:rfc1034identifier}";
				PRODUCT_NAME = "$(TARGET_NAME)";
				SWIFT_VERSION = 4.0;
				TEST_HOST = "$(BUILT_PRODUCTS_DIR)/ExampleForLocalPod.app/ExampleForLocalPod";
				WRAPPER_EXTENSION = xctest;
			};
			name = Debug;
		};
		6003F5C4195388D20070C39A /* Release */ = {
			isa = XCBuildConfiguration;
			baseConfigurationReference = 5F20C29A030C70A3D8E72814 /* Pods-MixedStyle_Tests.release.xcconfig */;
			buildSettings = {
				ALWAYS_EMBED_SWIFT_STANDARD_LIBRARIES = YES;
				BUNDLE_LOADER = "$(TEST_HOST)";
				FRAMEWORK_SEARCH_PATHS = (
					"$(PLATFORM_DIR)/Developer/Library/Frameworks",
					"$(inherited)",
					"$(DEVELOPER_FRAMEWORKS_DIR)",
				);
				GCC_PRECOMPILE_PREFIX_HEADER = YES;
				GCC_PREFIX_HEADER = "Tests/Tests-Prefix.pch";
				INFOPLIST_FILE = "Tests/Tests-Info.plist";
				PRODUCT_BUNDLE_IDENTIFIER = "org.cocoapods.demo.${PRODUCT_NAME:rfc1034identifier}";
				PRODUCT_NAME = "$(TARGET_NAME)";
				SWIFT_VERSION = 4.0;
				TEST_HOST = "$(BUILT_PRODUCTS_DIR)/ExampleForLocalPod.app/ExampleForLocalPod";
				WRAPPER_EXTENSION = xctest;
			};
			name = Release;
		};
		CC5CECA9241DFA1400A17FF6 /* Debug */ = {
			isa = XCBuildConfiguration;
			baseConfigurationReference = 6697EC17AA431F9C3F931EB0 /* Pods-ExampleForLocalPod.debug.xcconfig */;
			buildSettings = {
				ASSETCATALOG_COMPILER_APPICON_NAME = AppIcon;
				CLANG_ANALYZER_NONNULL = YES;
				CLANG_ANALYZER_NUMBER_OBJECT_CONVERSION = YES_AGGRESSIVE;
				CLANG_CXX_LANGUAGE_STANDARD = "gnu++14";
				CLANG_ENABLE_MODULES = YES;
				CLANG_ENABLE_OBJC_WEAK = YES;
				CLANG_WARN_BLOCK_CAPTURE_AUTORELEASING = YES;
				CLANG_WARN_COMMA = YES;
				CLANG_WARN_DEPRECATED_OBJC_IMPLEMENTATIONS = YES;
				CLANG_WARN_DOCUMENTATION_COMMENTS = YES;
				CLANG_WARN_INFINITE_RECURSION = YES;
				CLANG_WARN_NON_LITERAL_NULL_CONVERSION = YES;
				CLANG_WARN_OBJC_IMPLICIT_RETAIN_SELF = YES;
				CLANG_WARN_OBJC_LITERAL_CONVERSION = YES;
				CLANG_WARN_RANGE_LOOP_ANALYSIS = YES;
				CLANG_WARN_STRICT_PROTOTYPES = YES;
				CLANG_WARN_SUSPICIOUS_MOVE = YES;
				CLANG_WARN_UNGUARDED_AVAILABILITY = YES_AGGRESSIVE;
				CLANG_WARN_UNREACHABLE_CODE = YES;
				CODE_SIGN_STYLE = Automatic;
				DEBUG_INFORMATION_FORMAT = dwarf;
				DEVELOPMENT_TEAM = F35G39V2UB;
				ENABLE_STRICT_OBJC_MSGSEND = YES;
				GCC_C_LANGUAGE_STANDARD = gnu11;
				GCC_NO_COMMON_BLOCKS = YES;
				INFOPLIST_FILE = ExampleForLocalPod/Info.plist;
				IPHONEOS_DEPLOYMENT_TARGET = 9.3;
				LD_RUNPATH_SEARCH_PATHS = "$(inherited) @executable_path/Frameworks";
				MTL_ENABLE_DEBUG_INFO = INCLUDE_SOURCE;
				MTL_FAST_MATH = YES;
				PRODUCT_BUNDLE_IDENTIFIER = jp.co.JchanKchan.ExampleForLocalPod;
				PRODUCT_NAME = "$(TARGET_NAME)";
				SWIFT_ACTIVE_COMPILATION_CONDITIONS = DEBUG;
				SWIFT_OBJC_BRIDGING_HEADER = "ExampleForLocalPod/ExampleForLocalPod-Bridging-Header.h";
				SWIFT_OPTIMIZATION_LEVEL = "-Onone";
				SWIFT_VERSION = 5.0;
				TARGETED_DEVICE_FAMILY = "1,2";
			};
			name = Debug;
		};
		CC5CECAA241DFA1400A17FF6 /* Release */ = {
			isa = XCBuildConfiguration;
			baseConfigurationReference = 5957125A518DE5DE774ED7F1 /* Pods-ExampleForLocalPod.release.xcconfig */;
			buildSettings = {
				ASSETCATALOG_COMPILER_APPICON_NAME = AppIcon;
				CLANG_ANALYZER_NONNULL = YES;
				CLANG_ANALYZER_NUMBER_OBJECT_CONVERSION = YES_AGGRESSIVE;
				CLANG_CXX_LANGUAGE_STANDARD = "gnu++14";
				CLANG_ENABLE_MODULES = YES;
				CLANG_ENABLE_OBJC_WEAK = YES;
				CLANG_WARN_BLOCK_CAPTURE_AUTORELEASING = YES;
				CLANG_WARN_COMMA = YES;
				CLANG_WARN_DEPRECATED_OBJC_IMPLEMENTATIONS = YES;
				CLANG_WARN_DOCUMENTATION_COMMENTS = YES;
				CLANG_WARN_INFINITE_RECURSION = YES;
				CLANG_WARN_NON_LITERAL_NULL_CONVERSION = YES;
				CLANG_WARN_OBJC_IMPLICIT_RETAIN_SELF = YES;
				CLANG_WARN_OBJC_LITERAL_CONVERSION = YES;
				CLANG_WARN_RANGE_LOOP_ANALYSIS = YES;
				CLANG_WARN_STRICT_PROTOTYPES = YES;
				CLANG_WARN_SUSPICIOUS_MOVE = YES;
				CLANG_WARN_UNGUARDED_AVAILABILITY = YES_AGGRESSIVE;
				CLANG_WARN_UNREACHABLE_CODE = YES;
				CODE_SIGN_STYLE = Automatic;
				COPY_PHASE_STRIP = NO;
				DEBUG_INFORMATION_FORMAT = "dwarf-with-dsym";
				DEVELOPMENT_TEAM = F35G39V2UB;
				ENABLE_STRICT_OBJC_MSGSEND = YES;
				GCC_C_LANGUAGE_STANDARD = gnu11;
				GCC_NO_COMMON_BLOCKS = YES;
				INFOPLIST_FILE = ExampleForLocalPod/Info.plist;
				IPHONEOS_DEPLOYMENT_TARGET = 9.3;
				LD_RUNPATH_SEARCH_PATHS = "$(inherited) @executable_path/Frameworks";
				MTL_ENABLE_DEBUG_INFO = NO;
				MTL_FAST_MATH = YES;
				PRODUCT_BUNDLE_IDENTIFIER = jp.co.JchanKchan.ExampleForLocalPod;
				PRODUCT_NAME = "$(TARGET_NAME)";
				SWIFT_OBJC_BRIDGING_HEADER = "ExampleForLocalPod/ExampleForLocalPod-Bridging-Header.h";
				SWIFT_OPTIMIZATION_LEVEL = "-Owholemodule";
				SWIFT_VERSION = 5.0;
				TARGETED_DEVICE_FAMILY = "1,2";
			};
			name = Release;
		};
		CC5CECAC241DFA1400A17FF6 /* Debug */ = {
			isa = XCBuildConfiguration;
			buildSettings = {
				ALWAYS_EMBED_SWIFT_STANDARD_LIBRARIES = YES;
				CLANG_ANALYZER_NONNULL = YES;
				CLANG_ANALYZER_NUMBER_OBJECT_CONVERSION = YES_AGGRESSIVE;
				CLANG_CXX_LANGUAGE_STANDARD = "gnu++14";
				CLANG_ENABLE_OBJC_WEAK = YES;
				CLANG_WARN_BLOCK_CAPTURE_AUTORELEASING = YES;
				CLANG_WARN_COMMA = YES;
				CLANG_WARN_DEPRECATED_OBJC_IMPLEMENTATIONS = YES;
				CLANG_WARN_DOCUMENTATION_COMMENTS = YES;
				CLANG_WARN_INFINITE_RECURSION = YES;
				CLANG_WARN_NON_LITERAL_NULL_CONVERSION = YES;
				CLANG_WARN_OBJC_IMPLICIT_RETAIN_SELF = YES;
				CLANG_WARN_OBJC_LITERAL_CONVERSION = YES;
				CLANG_WARN_RANGE_LOOP_ANALYSIS = YES;
				CLANG_WARN_STRICT_PROTOTYPES = YES;
				CLANG_WARN_SUSPICIOUS_MOVE = YES;
				CLANG_WARN_UNGUARDED_AVAILABILITY = YES_AGGRESSIVE;
				CLANG_WARN_UNREACHABLE_CODE = YES;
				CODE_SIGN_STYLE = Automatic;
				DEBUG_INFORMATION_FORMAT = dwarf;
				DEVELOPMENT_TEAM = F35G39V2UB;
				ENABLE_STRICT_OBJC_MSGSEND = YES;
				GCC_C_LANGUAGE_STANDARD = gnu11;
				GCC_NO_COMMON_BLOCKS = YES;
				INFOPLIST_FILE = ExampleForLocalPodUITests/Info.plist;
				IPHONEOS_DEPLOYMENT_TARGET = 13.2;
				LD_RUNPATH_SEARCH_PATHS = "$(inherited) @executable_path/Frameworks @loader_path/Frameworks";
				MTL_ENABLE_DEBUG_INFO = INCLUDE_SOURCE;
				MTL_FAST_MATH = YES;
				PRODUCT_BUNDLE_IDENTIFIER = jp.co.JchanKchan.ExampleForLocalPodUITests;
				PRODUCT_NAME = "$(TARGET_NAME)";
				SWIFT_ACTIVE_COMPILATION_CONDITIONS = DEBUG;
				SWIFT_OPTIMIZATION_LEVEL = "-Onone";
				SWIFT_VERSION = 5.0;
				TARGETED_DEVICE_FAMILY = "1,2";
				TEST_TARGET_NAME = ExampleForLocalPod;
			};
			name = Debug;
		};
		CC5CECAD241DFA1400A17FF6 /* Release */ = {
			isa = XCBuildConfiguration;
			buildSettings = {
				ALWAYS_EMBED_SWIFT_STANDARD_LIBRARIES = YES;
				CLANG_ANALYZER_NONNULL = YES;
				CLANG_ANALYZER_NUMBER_OBJECT_CONVERSION = YES_AGGRESSIVE;
				CLANG_CXX_LANGUAGE_STANDARD = "gnu++14";
				CLANG_ENABLE_OBJC_WEAK = YES;
				CLANG_WARN_BLOCK_CAPTURE_AUTORELEASING = YES;
				CLANG_WARN_COMMA = YES;
				CLANG_WARN_DEPRECATED_OBJC_IMPLEMENTATIONS = YES;
				CLANG_WARN_DOCUMENTATION_COMMENTS = YES;
				CLANG_WARN_INFINITE_RECURSION = YES;
				CLANG_WARN_NON_LITERAL_NULL_CONVERSION = YES;
				CLANG_WARN_OBJC_IMPLICIT_RETAIN_SELF = YES;
				CLANG_WARN_OBJC_LITERAL_CONVERSION = YES;
				CLANG_WARN_RANGE_LOOP_ANALYSIS = YES;
				CLANG_WARN_STRICT_PROTOTYPES = YES;
				CLANG_WARN_SUSPICIOUS_MOVE = YES;
				CLANG_WARN_UNGUARDED_AVAILABILITY = YES_AGGRESSIVE;
				CLANG_WARN_UNREACHABLE_CODE = YES;
				CODE_SIGN_STYLE = Automatic;
				COPY_PHASE_STRIP = NO;
				DEBUG_INFORMATION_FORMAT = "dwarf-with-dsym";
				DEVELOPMENT_TEAM = F35G39V2UB;
				ENABLE_STRICT_OBJC_MSGSEND = YES;
				GCC_C_LANGUAGE_STANDARD = gnu11;
				GCC_NO_COMMON_BLOCKS = YES;
				INFOPLIST_FILE = ExampleForLocalPodUITests/Info.plist;
				IPHONEOS_DEPLOYMENT_TARGET = 13.2;
				LD_RUNPATH_SEARCH_PATHS = "$(inherited) @executable_path/Frameworks @loader_path/Frameworks";
				MTL_ENABLE_DEBUG_INFO = NO;
				MTL_FAST_MATH = YES;
				PRODUCT_BUNDLE_IDENTIFIER = jp.co.JchanKchan.ExampleForLocalPodUITests;
				PRODUCT_NAME = "$(TARGET_NAME)";
				SWIFT_OPTIMIZATION_LEVEL = "-Owholemodule";
				SWIFT_VERSION = 5.0;
				TARGETED_DEVICE_FAMILY = "1,2";
				TEST_TARGET_NAME = ExampleForLocalPod;
			};
			name = Release;
		};
		CC5CECDD241E014C00A17FF6 /* Debug */ = {
			isa = XCBuildConfiguration;
			buildSettings = {
				ASSETCATALOG_COMPILER_APPICON_NAME = AppIcon;
				CLANG_ANALYZER_NONNULL = YES;
				CLANG_ANALYZER_NUMBER_OBJECT_CONVERSION = YES_AGGRESSIVE;
				CLANG_CXX_LANGUAGE_STANDARD = "gnu++14";
				CLANG_ENABLE_OBJC_WEAK = YES;
				CLANG_WARN_BLOCK_CAPTURE_AUTORELEASING = YES;
				CLANG_WARN_COMMA = YES;
				CLANG_WARN_DEPRECATED_OBJC_IMPLEMENTATIONS = YES;
				CLANG_WARN_DOCUMENTATION_COMMENTS = YES;
				CLANG_WARN_INFINITE_RECURSION = YES;
				CLANG_WARN_NON_LITERAL_NULL_CONVERSION = YES;
				CLANG_WARN_OBJC_IMPLICIT_RETAIN_SELF = YES;
				CLANG_WARN_OBJC_LITERAL_CONVERSION = YES;
				CLANG_WARN_RANGE_LOOP_ANALYSIS = YES;
				CLANG_WARN_STRICT_PROTOTYPES = YES;
				CLANG_WARN_SUSPICIOUS_MOVE = YES;
				CLANG_WARN_UNGUARDED_AVAILABILITY = YES_AGGRESSIVE;
				CLANG_WARN_UNREACHABLE_CODE = YES;
				CODE_SIGN_STYLE = Automatic;
				CURRENT_PROJECT_VERSION = 1;
				DEBUG_INFORMATION_FORMAT = dwarf;
				DEVELOPMENT_TEAM = F35G39V2UB;
				ENABLE_STRICT_OBJC_MSGSEND = YES;
				FRAMEWORK_SEARCH_PATHS = (
					"$(inherited)",
					"$(PROJECT_DIR)",
				);
				GCC_C_LANGUAGE_STANDARD = gnu11;
				GCC_NO_COMMON_BLOCKS = YES;
				INFOPLIST_FILE = ExampleForFramework/Info.plist;
				IPHONEOS_DEPLOYMENT_TARGET = 9.3;
				LD_RUNPATH_SEARCH_PATHS = "$(inherited) @executable_path/Frameworks $(PROJECT_DIR)";
				MARKETING_VERSION = 1.0.0;
				MTL_ENABLE_DEBUG_INFO = INCLUDE_SOURCE;
				MTL_FAST_MATH = YES;
				PRODUCT_BUNDLE_IDENTIFIER = jp.co.JchanKchan.ExampleForFramework;
				PRODUCT_NAME = ExampleForFramework;
				TARGETED_DEVICE_FAMILY = "1,2";
			};
			name = Debug;
		};
		CC5CECDE241E014C00A17FF6 /* Release */ = {
			isa = XCBuildConfiguration;
			buildSettings = {
				ASSETCATALOG_COMPILER_APPICON_NAME = AppIcon;
				CLANG_ANALYZER_NONNULL = YES;
				CLANG_ANALYZER_NUMBER_OBJECT_CONVERSION = YES_AGGRESSIVE;
				CLANG_CXX_LANGUAGE_STANDARD = "gnu++14";
				CLANG_ENABLE_OBJC_WEAK = YES;
				CLANG_WARN_BLOCK_CAPTURE_AUTORELEASING = YES;
				CLANG_WARN_COMMA = YES;
				CLANG_WARN_DEPRECATED_OBJC_IMPLEMENTATIONS = YES;
				CLANG_WARN_DOCUMENTATION_COMMENTS = YES;
				CLANG_WARN_INFINITE_RECURSION = YES;
				CLANG_WARN_NON_LITERAL_NULL_CONVERSION = YES;
				CLANG_WARN_OBJC_IMPLICIT_RETAIN_SELF = YES;
				CLANG_WARN_OBJC_LITERAL_CONVERSION = YES;
				CLANG_WARN_RANGE_LOOP_ANALYSIS = YES;
				CLANG_WARN_STRICT_PROTOTYPES = YES;
				CLANG_WARN_SUSPICIOUS_MOVE = YES;
				CLANG_WARN_UNGUARDED_AVAILABILITY = YES_AGGRESSIVE;
				CLANG_WARN_UNREACHABLE_CODE = YES;
				CODE_SIGN_STYLE = Automatic;
				COPY_PHASE_STRIP = NO;
				CURRENT_PROJECT_VERSION = 1;
				DEBUG_INFORMATION_FORMAT = "dwarf-with-dsym";
				DEVELOPMENT_TEAM = F35G39V2UB;
				ENABLE_STRICT_OBJC_MSGSEND = YES;
				FRAMEWORK_SEARCH_PATHS = (
					"$(inherited)",
					"$(PROJECT_DIR)",
				);
				GCC_C_LANGUAGE_STANDARD = gnu11;
				GCC_NO_COMMON_BLOCKS = YES;
				INFOPLIST_FILE = ExampleForFramework/Info.plist;
				IPHONEOS_DEPLOYMENT_TARGET = 9.3;
				LD_RUNPATH_SEARCH_PATHS = "$(inherited) @executable_path/Frameworks $(PROJECT_DIR)";
				MARKETING_VERSION = 1.0.0;
				MTL_ENABLE_DEBUG_INFO = NO;
				MTL_FAST_MATH = YES;
				PRODUCT_BUNDLE_IDENTIFIER = jp.co.JchanKchan.ExampleForFramework;
				PRODUCT_NAME = ExampleForFramework;
				TARGETED_DEVICE_FAMILY = "1,2";
			};
			name = Release;
		};
		CC5CECE0241E014C00A17FF6 /* Debug */ = {
			isa = XCBuildConfiguration;
			buildSettings = {
				CLANG_ANALYZER_NONNULL = YES;
				CLANG_ANALYZER_NUMBER_OBJECT_CONVERSION = YES_AGGRESSIVE;
				CLANG_CXX_LANGUAGE_STANDARD = "gnu++14";
				CLANG_ENABLE_OBJC_WEAK = YES;
				CLANG_WARN_BLOCK_CAPTURE_AUTORELEASING = YES;
				CLANG_WARN_COMMA = YES;
				CLANG_WARN_DEPRECATED_OBJC_IMPLEMENTATIONS = YES;
				CLANG_WARN_DOCUMENTATION_COMMENTS = YES;
				CLANG_WARN_INFINITE_RECURSION = YES;
				CLANG_WARN_NON_LITERAL_NULL_CONVERSION = YES;
				CLANG_WARN_OBJC_IMPLICIT_RETAIN_SELF = YES;
				CLANG_WARN_OBJC_LITERAL_CONVERSION = YES;
				CLANG_WARN_RANGE_LOOP_ANALYSIS = YES;
				CLANG_WARN_STRICT_PROTOTYPES = YES;
				CLANG_WARN_SUSPICIOUS_MOVE = YES;
				CLANG_WARN_UNGUARDED_AVAILABILITY = YES_AGGRESSIVE;
				CLANG_WARN_UNREACHABLE_CODE = YES;
				CODE_SIGN_STYLE = Automatic;
				DEBUG_INFORMATION_FORMAT = dwarf;
				DEVELOPMENT_TEAM = F35G39V2UB;
				ENABLE_STRICT_OBJC_MSGSEND = YES;
				GCC_C_LANGUAGE_STANDARD = gnu11;
				GCC_NO_COMMON_BLOCKS = YES;
				INFOPLIST_FILE = ExampleForFrameworkUITests/Info.plist;
				IPHONEOS_DEPLOYMENT_TARGET = 13.2;
				LD_RUNPATH_SEARCH_PATHS = "$(inherited) @executable_path/Frameworks @loader_path/Frameworks";
				MTL_ENABLE_DEBUG_INFO = INCLUDE_SOURCE;
				MTL_FAST_MATH = YES;
				PRODUCT_BUNDLE_IDENTIFIER = jp.co.JchanKchan.ExampleForFrameworkUITests;
				PRODUCT_NAME = "$(TARGET_NAME)";
				TARGETED_DEVICE_FAMILY = "1,2";
				TEST_TARGET_NAME = ExampleForFramwork;
			};
			name = Debug;
		};
		CC5CECE1241E014C00A17FF6 /* Release */ = {
			isa = XCBuildConfiguration;
			buildSettings = {
				CLANG_ANALYZER_NONNULL = YES;
				CLANG_ANALYZER_NUMBER_OBJECT_CONVERSION = YES_AGGRESSIVE;
				CLANG_CXX_LANGUAGE_STANDARD = "gnu++14";
				CLANG_ENABLE_OBJC_WEAK = YES;
				CLANG_WARN_BLOCK_CAPTURE_AUTORELEASING = YES;
				CLANG_WARN_COMMA = YES;
				CLANG_WARN_DEPRECATED_OBJC_IMPLEMENTATIONS = YES;
				CLANG_WARN_DOCUMENTATION_COMMENTS = YES;
				CLANG_WARN_INFINITE_RECURSION = YES;
				CLANG_WARN_NON_LITERAL_NULL_CONVERSION = YES;
				CLANG_WARN_OBJC_IMPLICIT_RETAIN_SELF = YES;
				CLANG_WARN_OBJC_LITERAL_CONVERSION = YES;
				CLANG_WARN_RANGE_LOOP_ANALYSIS = YES;
				CLANG_WARN_STRICT_PROTOTYPES = YES;
				CLANG_WARN_SUSPICIOUS_MOVE = YES;
				CLANG_WARN_UNGUARDED_AVAILABILITY = YES_AGGRESSIVE;
				CLANG_WARN_UNREACHABLE_CODE = YES;
				CODE_SIGN_STYLE = Automatic;
				COPY_PHASE_STRIP = NO;
				DEBUG_INFORMATION_FORMAT = "dwarf-with-dsym";
				DEVELOPMENT_TEAM = F35G39V2UB;
				ENABLE_STRICT_OBJC_MSGSEND = YES;
				GCC_C_LANGUAGE_STANDARD = gnu11;
				GCC_NO_COMMON_BLOCKS = YES;
				INFOPLIST_FILE = ExampleForFrameworkUITests/Info.plist;
				IPHONEOS_DEPLOYMENT_TARGET = 13.2;
				LD_RUNPATH_SEARCH_PATHS = "$(inherited) @executable_path/Frameworks @loader_path/Frameworks";
				MTL_ENABLE_DEBUG_INFO = NO;
				MTL_FAST_MATH = YES;
				PRODUCT_BUNDLE_IDENTIFIER = jp.co.JchanKchan.ExampleForFrameworkUITests;
				PRODUCT_NAME = "$(TARGET_NAME)";
				TARGETED_DEVICE_FAMILY = "1,2";
				TEST_TARGET_NAME = ExampleForFramwork;
			};
			name = Release;
		};
/* End XCBuildConfiguration section */

/* Begin XCConfigurationList section */
		6003F585195388D10070C39A /* Build configuration list for PBXProject "MixedStyle" */ = {
			isa = XCConfigurationList;
			buildConfigurations = (
				6003F5BD195388D20070C39A /* Debug */,
				6003F5BE195388D20070C39A /* Release */,
			);
			defaultConfigurationIsVisible = 0;
			defaultConfigurationName = Release;
		};
		6003F5C2195388D20070C39A /* Build configuration list for PBXNativeTarget "MixedStyle_Tests" */ = {
			isa = XCConfigurationList;
			buildConfigurations = (
				6003F5C3195388D20070C39A /* Debug */,
				6003F5C4195388D20070C39A /* Release */,
			);
			defaultConfigurationIsVisible = 0;
			defaultConfigurationName = Release;
		};
		CC5CECA8241DFA1400A17FF6 /* Build configuration list for PBXNativeTarget "ExampleForLocalPod" */ = {
			isa = XCConfigurationList;
			buildConfigurations = (
				CC5CECA9241DFA1400A17FF6 /* Debug */,
				CC5CECAA241DFA1400A17FF6 /* Release */,
			);
			defaultConfigurationIsVisible = 0;
			defaultConfigurationName = Release;
		};
		CC5CECAB241DFA1400A17FF6 /* Build configuration list for PBXNativeTarget "ExampleForLocalPodUITests" */ = {
			isa = XCConfigurationList;
			buildConfigurations = (
				CC5CECAC241DFA1400A17FF6 /* Debug */,
				CC5CECAD241DFA1400A17FF6 /* Release */,
			);
			defaultConfigurationIsVisible = 0;
			defaultConfigurationName = Release;
		};
		CC5CECDC241E014C00A17FF6 /* Build configuration list for PBXNativeTarget "ExampleForFramework" */ = {
			isa = XCConfigurationList;
			buildConfigurations = (
				CC5CECDD241E014C00A17FF6 /* Debug */,
				CC5CECDE241E014C00A17FF6 /* Release */,
			);
			defaultConfigurationIsVisible = 0;
			defaultConfigurationName = Release;
		};
		CC5CECDF241E014C00A17FF6 /* Build configuration list for PBXNativeTarget "ExampleForFrameworkUITests" */ = {
			isa = XCConfigurationList;
			buildConfigurations = (
				CC5CECE0241E014C00A17FF6 /* Debug */,
				CC5CECE1241E014C00A17FF6 /* Release */,
			);
			defaultConfigurationIsVisible = 0;
			defaultConfigurationName = Release;
		};
/* End XCConfigurationList section */
	};
	rootObject = 6003F582195388D10070C39A /* Project object */;
}
